
Microsoft Visual Studio Solution File, Format Version 12.00
# Visual Studio Version 17
VisualStudioVersion = 17.3.32519.111
MinimumVisualStudioVersion = 10.0.40219.1
Project("{9A19103F-16F7-4668-BE54-9A1E7A4F7556}") = "Ayo4u.Client", "Ayo4u\Client\Ayo4u.Client.csproj", "{A734C3DA-107D-4387-8ED5-EF27EB490C79}"
EndProject
Project("{9A19103F-16F7-4668-BE54-9A1E7A4F7556}") = "Ayo4u.Web.Shared", "Ayo4u\Shared\Ayo4u.Web.Shared.csproj", "{7D46E8AA-C460-4F4D-80DF-292EAC5928A0}"
EndProject
Project("{9A19103F-16F7-4668-BE54-9A1E7A4F7556}") = "Ayo4u.Data", "Ayo4u.Data\Ayo4u.Data.csproj", "{EA6D281F-DF36-4BDF-8F5B-91704662C259}"
EndProject
Project("{9A19103F-16F7-4668-BE54-9A1E7A4F7556}") = "Ayo4u.Infrastructure", "Ayo4u.Infrastructure\Ayo4u.Infrastructure.csproj", "{570057E7-DEE5-45E5-A409-262C71FA734C}"
EndProject
Project("{9A19103F-16F7-4668-BE54-9A1E7A4F7556}") = "Ayo4u.Server.Api", "Ayo4u.Server\Ayo4u.Server.Api.csproj", "{250FD653-FF81-4B90-824E-8E35062D5754}"
EndProject
Project("{9A19103F-16F7-4668-BE54-9A1E7A4F7556}") = "Server.Shared", "Ayo4u.Server.Shared\Server.Shared.csproj", "{0F2A3182-8DD7-49F9-90EF-E83802497C37}"
EndProject
Project("{2150E333-8FDC-42A3-9474-1A3956D46DE8}") = "Solution Items", "Solution Items", "{2EA46145-C953-4C9A-802F-7D5D154202B6}"
	ProjectSection(SolutionItems) = preProject
		docker-compose.yml = docker-compose.yml
	EndProjectSection
EndProject
Project("{9A19103F-16F7-4668-BE54-9A1E7A4F7556}") = "GFA.Medicals.Data", "GFA.Medicals.Data\GFA.Medicals.Data.csproj", "{26175547-A183-42EB-BA7E-4E01ED799242}"
EndProject
Project("{2150E333-8FDC-42A3-9474-1A3956D46DE8}") = "GFA Medicals", "GFA Medicals", "{56561528-0BB0-43E0-B0C7-73A5F622A7F9}"
EndProject
Project("{2150E333-8FDC-42A3-9474-1A3956D46DE8}") = "Ayo4u Test", "Ayo4u Test", "{81CB068C-5CF5-49D8-A29B-2C7B1DC9BBBA}"
EndProject
Project("{9A19103F-16F7-4668-BE54-9A1E7A4F7556}") = "GFA.Medicals.Infrastructure", "GFA.Medicals.Infrastructure\GFA.Medicals.Infrastructure.csproj", "{BEC5F0AD-3B72-4897-8761-3654B831121B}"
EndProject
Project("{9A19103F-16F7-4668-BE54-9A1E7A4F7556}") = "GFA.Medicals.Web.Shared", "GFA.Medicals.Shared\GFA.Medicals.Web.Shared.csproj", "{1083C890-7A1D-4D40-8B71-3C18D294665B}"
EndProject
Project("{9A19103F-16F7-4668-BE54-9A1E7A4F7556}") = "GFA.Medicals.Server.Api", "GFA.Medicals.Server.Api\GFA.Medicals.Server.Api.csproj", "{85D937E4-8349-43B7-924D-768560494B9B}"
EndProject
Project("{9A19103F-16F7-4668-BE54-9A1E7A4F7556}") = "GFA.Medicals.Web.Ui.Client", "GFA.Medicals.Web.Ui\Client\GFA.Medicals.Web.Ui.Client.csproj", "{4B57DAF3-ACBB-4A70-8A51-F73F48763159}"
	ProjectSection(ProjectDependencies) = postProject
		{2B4A54D1-AA17-4A34-9DA4-B312F43A8F91} = {2B4A54D1-AA17-4A34-9DA4-B312F43A8F91}
	EndProjectSection
EndProject
Project("{9A19103F-16F7-4668-BE54-9A1E7A4F7556}") = "GFA.Medicals.Web.Ui.Server", "GFA.Medicals.Web.Ui\Server\GFA.Medicals.Web.Ui.Server.csproj", "{2E51BFFF-72D6-4852-956B-C93E282F641B}"
EndProject
Project("{9A19103F-16F7-4668-BE54-9A1E7A4F7556}") = "GFA.Medicals.Web.Ui.Shared", "GFA.Medicals.Web.Ui\Shared\GFA.Medicals.Web.Ui.Shared.csproj", "{2B4A54D1-AA17-4A34-9DA4-B312F43A8F91}"
EndProject
Global
	GlobalSection(SolutionConfigurationPlatforms) = preSolution
		Debug|Any CPU = Debug|Any CPU
		Release|Any CPU = Release|Any CPU
	EndGlobalSection
	GlobalSection(ProjectConfigurationPlatforms) = postSolution
		{A734C3DA-107D-4387-8ED5-EF27EB490C79}.Debug|Any CPU.ActiveCfg = Debug|Any CPU
		{A734C3DA-107D-4387-8ED5-EF27EB490C79}.Debug|Any CPU.Build.0 = Debug|Any CPU
		{A734C3DA-107D-4387-8ED5-EF27EB490C79}.Release|Any CPU.ActiveCfg = Release|Any CPU
		{A734C3DA-107D-4387-8ED5-EF27EB490C79}.Release|Any CPU.Build.0 = Release|Any CPU
		{7D46E8AA-C460-4F4D-80DF-292EAC5928A0}.Debug|Any CPU.ActiveCfg = Debug|Any CPU
		{7D46E8AA-C460-4F4D-80DF-292EAC5928A0}.Debug|Any CPU.Build.0 = Debug|Any CPU
		{7D46E8AA-C460-4F4D-80DF-292EAC5928A0}.Release|Any CPU.ActiveCfg = Release|Any CPU
		{7D46E8AA-C460-4F4D-80DF-292EAC5928A0}.Release|Any CPU.Build.0 = Release|Any CPU
		{EA6D281F-DF36-4BDF-8F5B-91704662C259}.Debug|Any CPU.ActiveCfg = Debug|Any CPU
		{EA6D281F-DF36-4BDF-8F5B-91704662C259}.Debug|Any CPU.Build.0 = Debug|Any CPU
		{EA6D281F-DF36-4BDF-8F5B-91704662C259}.Release|Any CPU.ActiveCfg = Release|Any CPU
		{EA6D281F-DF36-4BDF-8F5B-91704662C259}.Release|Any CPU.Build.0 = Release|Any CPU
		{570057E7-DEE5-45E5-A409-262C71FA734C}.Debug|Any CPU.ActiveCfg = Debug|Any CPU
		{570057E7-DEE5-45E5-A409-262C71FA734C}.Debug|Any CPU.Build.0 = Debug|Any CPU
		{570057E7-DEE5-45E5-A409-262C71FA734C}.Release|Any CPU.ActiveCfg = Release|Any CPU
		{570057E7-DEE5-45E5-A409-262C71FA734C}.Release|Any CPU.Build.0 = Release|Any CPU
		{250FD653-FF81-4B90-824E-8E35062D5754}.Debug|Any CPU.ActiveCfg = Debug|Any CPU
		{250FD653-FF81-4B90-824E-8E35062D5754}.Debug|Any CPU.Build.0 = Debug|Any CPU
		{250FD653-FF81-4B90-824E-8E35062D5754}.Release|Any CPU.ActiveCfg = Release|Any CPU
		{250FD653-FF81-4B90-824E-8E35062D5754}.Release|Any CPU.Build.0 = Release|Any CPU
		{0F2A3182-8DD7-49F9-90EF-E83802497C37}.Debug|Any CPU.ActiveCfg = Debug|Any CPU
		{0F2A3182-8DD7-49F9-90EF-E83802497C37}.Debug|Any CPU.Build.0 = Debug|Any CPU
		{0F2A3182-8DD7-49F9-90EF-E83802497C37}.Release|Any CPU.ActiveCfg = Release|Any CPU
		{0F2A3182-8DD7-49F9-90EF-E83802497C37}.Release|Any CPU.Build.0 = Release|Any CPU
		{26175547-A183-42EB-BA7E-4E01ED799242}.Debug|Any CPU.ActiveCfg = Debug|Any CPU
		{26175547-A183-42EB-BA7E-4E01ED799242}.Debug|Any CPU.Build.0 = Debug|Any CPU
		{26175547-A183-42EB-BA7E-4E01ED799242}.Release|Any CPU.ActiveCfg = Release|Any CPU
		{26175547-A183-42EB-BA7E-4E01ED799242}.Release|Any CPU.Build.0 = Release|Any CPU
		{BEC5F0AD-3B72-4897-8761-3654B831121B}.Debug|Any CPU.ActiveCfg = Debug|Any CPU
		{BEC5F0AD-3B72-4897-8761-3654B831121B}.Debug|Any CPU.Build.0 = Debug|Any CPU
		{BEC5F0AD-3B72-4897-8761-3654B831121B}.Release|Any CPU.ActiveCfg = Release|Any CPU
		{BEC5F0AD-3B72-4897-8761-3654B831121B}.Release|Any CPU.Build.0 = Release|Any CPU
		{1083C890-7A1D-4D40-8B71-3C18D294665B}.Debug|Any CPU.ActiveCfg = Debug|Any CPU
		{1083C890-7A1D-4D40-8B71-3C18D294665B}.Debug|Any CPU.Build.0 = Debug|Any CPU
		{1083C890-7A1D-4D40-8B71-3C18D294665B}.Release|Any CPU.ActiveCfg = Release|Any CPU
		{1083C890-7A1D-4D40-8B71-3C18D294665B}.Release|Any CPU.Build.0 = Release|Any CPU
		{85D937E4-8349-43B7-924D-768560494B9B}.Debug|Any CPU.ActiveCfg = Debug|Any CPU
		{85D937E4-8349-43B7-924D-768560494B9B}.Debug|Any CPU.Build.0 = Debug|Any CPU
		{85D937E4-8349-43B7-924D-768560494B9B}.Release|Any CPU.ActiveCfg = Release|Any CPU
		{85D937E4-8349-43B7-924D-768560494B9B}.Release|Any CPU.Build.0 = Release|Any CPU
		{4B57DAF3-ACBB-4A70-8A51-F73F48763159}.Debug|Any CPU.ActiveCfg = Debug|Any CPU
		{4B57DAF3-ACBB-4A70-8A51-F73F48763159}.Debug|Any CPU.Build.0 = Debug|Any CPU
		{4B57DAF3-ACBB-4A70-8A51-F73F48763159}.Release|Any CPU.ActiveCfg = Release|Any CPU
		{4B57DAF3-ACBB-4A70-8A51-F73F48763159}.Release|Any CPU.Build.0 = Release|Any CPU
		{2E51BFFF-72D6-4852-956B-C93E282F641B}.Debug|Any CPU.ActiveCfg = Debug|Any CPU
		{2E51BFFF-72D6-4852-956B-C93E282F641B}.Debug|Any CPU.Build.0 = Debug|Any CPU
		{2E51BFFF-72D6-4852-956B-C93E282F641B}.Release|Any CPU.ActiveCfg = Release|Any CPU
		{2E51BFFF-72D6-4852-956B-C93E282F641B}.Release|Any CPU.Build.0 = Release|Any CPU
		{2B4A54D1-AA17-4A34-9DA4-B312F43A8F91}.Debug|Any CPU.ActiveCfg = Debug|Any CPU
		{2B4A54D1-AA17-4A34-9DA4-B312F43A8F91}.Debug|Any CPU.Build.0 = Debug|Any CPU
		{2B4A54D1-AA17-4A34-9DA4-B312F43A8F91}.Release|Any CPU.ActiveCfg = Release|Any CPU
		{2B4A54D1-AA17-4A34-9DA4-B312F43A8F91}.Release|Any CPU.Build.0 = Release|Any CPU
	EndGlobalSection
	GlobalSection(SolutionProperties) = preSolution
		HideSolutionNode = FALSE
	EndGlobalSection
	GlobalSection(NestedProjects) = preSolution
		{7D46E8AA-C460-4F4D-80DF-292EAC5928A0} = {81CB068C-5CF5-49D8-A29B-2C7B1DC9BBBA}
		{EA6D281F-DF36-4BDF-8F5B-91704662C259} = {81CB068C-5CF5-49D8-A29B-2C7B1DC9BBBA}
		{570057E7-DEE5-45E5-A409-262C71FA734C} = {81CB068C-5CF5-49D8-A29B-2C7B1DC9BBBA}
		{250FD653-FF81-4B90-824E-8E35062D5754} = {81CB068C-5CF5-49D8-A29B-2C7B1DC9BBBA}
		{26175547-A183-42EB-BA7E-4E01ED799242} = {56561528-0BB0-43E0-B0C7-73A5F622A7F9}
		{BEC5F0AD-3B72-4897-8761-3654B831121B} = {56561528-0BB0-43E0-B0C7-73A5F622A7F9}
		{1083C890-7A1D-4D40-8B71-3C18D294665B} = {56561528-0BB0-43E0-B0C7-73A5F622A7F9}
		{85D937E4-8349-43B7-924D-768560494B9B} = {56561528-0BB0-43E0-B0C7-73A5F622A7F9}
		{4B57DAF3-ACBB-4A70-8A51-F73F48763159} = {56561528-0BB0-43E0-B0C7-73A5F622A7F9}
		{2E51BFFF-72D6-4852-956B-C93E282F641B} = {56561528-0BB0-43E0-B0C7-73A5F622A7F9}
		{2B4A54D1-AA17-4A34-9DA4-B312F43A8F91} = {56561528-0BB0-43E0-B0C7-73A5F622A7F9}
	EndGlobalSection
	GlobalSection(ExtensibilityGlobals) = postSolution
		SolutionGuid = {EAFBAD3D-4275-4B7B-8725-9D9E81627A44}
	EndGlobalSection
EndGlobal
