
Microsoft Visual Studio Solution File, Format Version 12.00
# Visual Studio Version 17
VisualStudioVersion = 17.3.32519.111
MinimumVisualStudioVersion = 10.0.40219.1
Project("{9A19103F-16F7-4668-BE54-9A1E7A4F7556}") = "Ayo4u.Client", "Ayo4u\Client\Ayo4u.Client.csproj", "{A734C3DA-107D-4387-8ED5-EF27EB490C79}"
EndProject
Project("{9A19103F-16F7-4668-BE54-9A1E7A4F7556}") = "Ayo4u.Web.Shared", "Ayo4u\Shared\Ayo4u.Web.Shared.csproj", "{7D46E8AA-C460-4F4D-80DF-292EAC5928A0}"
EndProject
Project("{9A19103F-16F7-4668-BE54-9A1E7A4F7556}") = "Ayo4u.Data", "Ayo4u.Data\Ayo4u.Data.csproj", "{EA6D281F-DF36-4BDF-8F5B-91704662C259}"
EndProject
Project("{9A19103F-16F7-4668-BE54-9A1E7A4F7556}") = "Ayo4u.Infrastructure", "Ayo4u.Infrastructure\Ayo4u.Infrastructure.csproj", "{570057E7-DEE5-45E5-A409-262C71FA734C}"
EndProject
Project("{9A19103F-16F7-4668-BE54-9A1E7A4F7556}") = "Ayo4u.Server.Api", "Ayo4u.Server\Ayo4u.Server.Api.csproj", "{250FD653-FF81-4B90-824E-8E35062D5754}"
EndProject
Project("{9A19103F-16F7-4668-BE54-9A1E7A4F7556}") = "Ayo4u.Server.Shared", "Ayo4u.Server.Shared\Ayo4u.Server.Shared.csproj", "{0F2A3182-8DD7-49F9-90EF-E83802497C37}"
EndProject
Project("{2150E333-8FDC-42A3-9474-1A3956D46DE8}") = "Solution Items", "Solution Items", "{2EA46145-C953-4C9A-802F-7D5D154202B6}"
	ProjectSection(SolutionItems) = preProject
		Infrastructure.yml = Infrastructure.yml
	EndProjectSection
EndProject
Global
	GlobalSection(SolutionConfigurationPlatforms) = preSolution
		Debug|Any CPU = Debug|Any CPU
		Release|Any CPU = Release|Any CPU
	EndGlobalSection
	GlobalSection(ProjectConfigurationPlatforms) = postSolution
		{A734C3DA-107D-4387-8ED5-EF27EB490C79}.Debug|Any CPU.ActiveCfg = Debug|Any CPU
		{A734C3DA-107D-4387-8ED5-EF27EB490C79}.Debug|Any CPU.Build.0 = Debug|Any CPU
		{A734C3DA-107D-4387-8ED5-EF27EB490C79}.Release|Any CPU.ActiveCfg = Release|Any CPU
		{A734C3DA-107D-4387-8ED5-EF27EB490C79}.Release|Any CPU.Build.0 = Release|Any CPU
		{7D46E8AA-C460-4F4D-80DF-292EAC5928A0}.Debug|Any CPU.ActiveCfg = Debug|Any CPU
		{7D46E8AA-C460-4F4D-80DF-292EAC5928A0}.Debug|Any CPU.Build.0 = Debug|Any CPU
		{7D46E8AA-C460-4F4D-80DF-292EAC5928A0}.Release|Any CPU.ActiveCfg = Release|Any CPU
		{7D46E8AA-C460-4F4D-80DF-292EAC5928A0}.Release|Any CPU.Build.0 = Release|Any CPU
		{EA6D281F-DF36-4BDF-8F5B-91704662C259}.Debug|Any CPU.ActiveCfg = Debug|Any CPU
		{EA6D281F-DF36-4BDF-8F5B-91704662C259}.Debug|Any CPU.Build.0 = Debug|Any CPU
		{EA6D281F-DF36-4BDF-8F5B-91704662C259}.Release|Any CPU.ActiveCfg = Release|Any CPU
		{EA6D281F-DF36-4BDF-8F5B-91704662C259}.Release|Any CPU.Build.0 = Release|Any CPU
		{570057E7-DEE5-45E5-A409-262C71FA734C}.Debug|Any CPU.ActiveCfg = Debug|Any CPU
		{570057E7-DEE5-45E5-A409-262C71FA734C}.Debug|Any CPU.Build.0 = Debug|Any CPU
		{570057E7-DEE5-45E5-A409-262C71FA734C}.Release|Any CPU.ActiveCfg = Release|Any CPU
		{570057E7-DEE5-45E5-A409-262C71FA734C}.Release|Any CPU.Build.0 = Release|Any CPU
		{250FD653-FF81-4B90-824E-8E35062D5754}.Debug|Any CPU.ActiveCfg = Debug|Any CPU
		{250FD653-FF81-4B90-824E-8E35062D5754}.Debug|Any CPU.Build.0 = Debug|Any CPU
		{250FD653-FF81-4B90-824E-8E35062D5754}.Release|Any CPU.ActiveCfg = Release|Any CPU
		{250FD653-FF81-4B90-824E-8E35062D5754}.Release|Any CPU.Build.0 = Release|Any CPU
		{0F2A3182-8DD7-49F9-90EF-E83802497C37}.Debug|Any CPU.ActiveCfg = Debug|Any CPU
		{0F2A3182-8DD7-49F9-90EF-E83802497C37}.Debug|Any CPU.Build.0 = Debug|Any CPU
		{0F2A3182-8DD7-49F9-90EF-E83802497C37}.Release|Any CPU.ActiveCfg = Release|Any CPU
		{0F2A3182-8DD7-49F9-90EF-E83802497C37}.Release|Any CPU.Build.0 = Release|Any CPU
	EndGlobalSection
	GlobalSection(SolutionProperties) = preSolution
		HideSolutionNode = FALSE
	EndGlobalSection
	GlobalSection(ExtensibilityGlobals) = postSolution
		SolutionGuid = {EAFBAD3D-4275-4B7B-8725-9D9E81627A44}
	EndGlobalSection
EndGlobal
